
Microsoft Visual Studio Solution File, Format Version 12.00
# Visual Studio 15
VisualStudioVersion = 15.0.27703.2035
MinimumVisualStudioVersion = 10.0.40219.1
Project("{FAE04EC0-301F-11D3-BF4B-00C04F79EFBC}") = "HousePriceScraper", "HousePriceScraper\HousePriceScraper.csproj", "{09C48E50-7CCB-445A-8E36-F0B4CBC2D1D5}"
EndProject
Global
	GlobalSection(SolutionConfigurationPlatforms) = preSolution
		Debug|Any CPU = Debug|Any CPU
		Release|Any CPU = Release|Any CPU
	EndGlobalSection
	GlobalSection(ProjectConfigurationPlatforms) = postSolution
		{09C48E50-7CCB-445A-8E36-F0B4CBC2D1D5}.Debug|Any CPU.ActiveCfg = Debug|Any CPU
		{09C48E50-7CCB-445A-8E36-F0B4CBC2D1D5}.Debug|Any CPU.Build.0 = Debug|Any CPU
		{09C48E50-7CCB-445A-8E36-F0B4CBC2D1D5}.Release|Any CPU.ActiveCfg = Release|Any CPU
		{09C48E50-7CCB-445A-8E36-F0B4CBC2D1D5}.Release|Any CPU.Build.0 = Release|Any CPU
	EndGlobalSection
	GlobalSection(SolutionProperties) = preSolution
		HideSolutionNode = FALSE
	EndGlobalSection
	GlobalSection(ExtensibilityGlobals) = postSolution
		SolutionGuid = {B1BA9BC7-CE78-434B-AD17-87A1721CF09B}
	EndGlobalSection
EndGlobal
